// !$*UTF8*$!
{
	archiveVersion = 1;
	classes = {
	};
	objectVersion = 54;
	objects = {

/* Begin PBXBuildFile section */
		A681894EBCF9C6370AFFEAB9 /* Pods_4month2lesson_2.framework in Frameworks */ = {isa = PBXBuildFile; fileRef = F7BCDE97602B24F16DED740E /* Pods_4month2lesson_2.framework */; };
		C5265092295C7EE600D10960 /* BeerDescriptionVC.swift in Sources */ = {isa = PBXBuildFile; fileRef = C5265091295C7EE600D10960 /* BeerDescriptionVC.swift */; };
		C53A304429548DC1008BF34B /* User.swift in Sources */ = {isa = PBXBuildFile; fileRef = C53A304329548DC1008BF34B /* User.swift */; };
		C53A304629549294008BF34B /* AuthController.swift in Sources */ = {isa = PBXBuildFile; fileRef = C53A304529549294008BF34B /* AuthController.swift */; };
		C53A3048295492B2008BF34B /* AuthModel.swift in Sources */ = {isa = PBXBuildFile; fileRef = C53A3047295492B2008BF34B /* AuthModel.swift */; };
		C53A304A29549B3A008BF34B /* ProfileView.swift in Sources */ = {isa = PBXBuildFile; fileRef = C53A304929549B3A008BF34B /* ProfileView.swift */; };
		C564A08429547C1200D5943E /* AppDelegate.swift in Sources */ = {isa = PBXBuildFile; fileRef = C564A08329547C1200D5943E /* AppDelegate.swift */; };
		C564A08629547C1200D5943E /* SceneDelegate.swift in Sources */ = {isa = PBXBuildFile; fileRef = C564A08529547C1200D5943E /* SceneDelegate.swift */; };
		C564A08829547C1200D5943E /* ViewController.swift in Sources */ = {isa = PBXBuildFile; fileRef = C564A08729547C1200D5943E /* ViewController.swift */; };
		C564A08B29547C1200D5943E /* Main.storyboard in Resources */ = {isa = PBXBuildFile; fileRef = C564A08929547C1200D5943E /* Main.storyboard */; };
		C564A08D29547C1500D5943E /* Assets.xcassets in Resources */ = {isa = PBXBuildFile; fileRef = C564A08C29547C1500D5943E /* Assets.xcassets */; };
		C564A09029547C1500D5943E /* LaunchScreen.storyboard in Resources */ = {isa = PBXBuildFile; fileRef = C564A08E29547C1500D5943E /* LaunchScreen.storyboard */; };
		C5F397372959D570006011EE /* Beer.swift in Sources */ = {isa = PBXBuildFile; fileRef = C5F397362959D570006011EE /* Beer.swift */; };
		C5F397392959D676006011EE /* NetworkManager.swift in Sources */ = {isa = PBXBuildFile; fileRef = C5F397382959D676006011EE /* NetworkManager.swift */; };
/* End PBXBuildFile section */

/* Begin PBXFileReference section */
		0458FE2B55139977BAA128D0 /* Pods-4month2lesson.2.release.xcconfig */ = {isa = PBXFileReference; includeInIndex = 1; lastKnownFileType = text.xcconfig; name = "Pods-4month2lesson.2.release.xcconfig"; path = "Target Support Files/Pods-4month2lesson.2/Pods-4month2lesson.2.release.xcconfig"; sourceTree = "<group>"; };
		B19C23711AA733265073E2FC /* Pods-4month2lesson.2.debug.xcconfig */ = {isa = PBXFileReference; includeInIndex = 1; lastKnownFileType = text.xcconfig; name = "Pods-4month2lesson.2.debug.xcconfig"; path = "Target Support Files/Pods-4month2lesson.2/Pods-4month2lesson.2.debug.xcconfig"; sourceTree = "<group>"; };
		C5265091295C7EE600D10960 /* BeerDescriptionVC.swift */ = {isa = PBXFileReference; lastKnownFileType = sourcecode.swift; path = BeerDescriptionVC.swift; sourceTree = "<group>"; };
		C53A304329548DC1008BF34B /* User.swift */ = {isa = PBXFileReference; lastKnownFileType = sourcecode.swift; path = User.swift; sourceTree = "<group>"; };
		C53A304529549294008BF34B /* AuthController.swift */ = {isa = PBXFileReference; lastKnownFileType = sourcecode.swift; path = AuthController.swift; sourceTree = "<group>"; };
		C53A3047295492B2008BF34B /* AuthModel.swift */ = {isa = PBXFileReference; lastKnownFileType = sourcecode.swift; path = AuthModel.swift; sourceTree = "<group>"; };
		C53A304929549B3A008BF34B /* ProfileView.swift */ = {isa = PBXFileReference; lastKnownFileType = sourcecode.swift; path = ProfileView.swift; sourceTree = "<group>"; };
		C564A08029547C1200D5943E /* 4month2lesson.2.app */ = {isa = PBXFileReference; explicitFileType = wrapper.application; includeInIndex = 0; path = 4month2lesson.2.app; sourceTree = BUILT_PRODUCTS_DIR; };
		C564A08329547C1200D5943E /* AppDelegate.swift */ = {isa = PBXFileReference; lastKnownFileType = sourcecode.swift; path = AppDelegate.swift; sourceTree = "<group>"; };
		C564A08529547C1200D5943E /* SceneDelegate.swift */ = {isa = PBXFileReference; lastKnownFileType = sourcecode.swift; path = SceneDelegate.swift; sourceTree = "<group>"; };
		C564A08729547C1200D5943E /* ViewController.swift */ = {isa = PBXFileReference; lastKnownFileType = sourcecode.swift; path = ViewController.swift; sourceTree = "<group>"; };
		C564A08A29547C1200D5943E /* Base */ = {isa = PBXFileReference; lastKnownFileType = file.storyboard; name = Base; path = Base.lproj/Main.storyboard; sourceTree = "<group>"; };
		C564A08C29547C1500D5943E /* Assets.xcassets */ = {isa = PBXFileReference; lastKnownFileType = folder.assetcatalog; path = Assets.xcassets; sourceTree = "<group>"; };
		C564A08F29547C1500D5943E /* Base */ = {isa = PBXFileReference; lastKnownFileType = file.storyboard; name = Base; path = Base.lproj/LaunchScreen.storyboard; sourceTree = "<group>"; };
		C564A09129547C1500D5943E /* Info.plist */ = {isa = PBXFileReference; lastKnownFileType = text.plist.xml; path = Info.plist; sourceTree = "<group>"; };
		C5F397362959D570006011EE /* Beer.swift */ = {isa = PBXFileReference; lastKnownFileType = sourcecode.swift; path = Beer.swift; sourceTree = "<group>"; };
		C5F397382959D676006011EE /* NetworkManager.swift */ = {isa = PBXFileReference; lastKnownFileType = sourcecode.swift; path = NetworkManager.swift; sourceTree = "<group>"; };
		F7BCDE97602B24F16DED740E /* Pods_4month2lesson_2.framework */ = {isa = PBXFileReference; explicitFileType = wrapper.framework; includeInIndex = 0; path = Pods_4month2lesson_2.framework; sourceTree = BUILT_PRODUCTS_DIR; };
/* End PBXFileReference section */

/* Begin PBXFrameworksBuildPhase section */
		C564A07D29547C1200D5943E /* Frameworks */ = {
			isa = PBXFrameworksBuildPhase;
			buildActionMask = 2147483647;
			files = (
				A681894EBCF9C6370AFFEAB9 /* Pods_4month2lesson_2.framework in Frameworks */,
			);
			runOnlyForDeploymentPostprocessing = 0;
		};
/* End PBXFrameworksBuildPhase section */

/* Begin PBXGroup section */
		170922F77234C5297EEDBD6A /* Pods */ = {
			isa = PBXGroup;
			children = (
				B19C23711AA733265073E2FC /* Pods-4month2lesson.2.debug.xcconfig */,
				0458FE2B55139977BAA128D0 /* Pods-4month2lesson.2.release.xcconfig */,
			);
			path = Pods;
			sourceTree = "<group>";
		};
		396BCF910AE5F5FCFFBB0569 /* Frameworks */ = {
			isa = PBXGroup;
			children = (
				F7BCDE97602B24F16DED740E /* Pods_4month2lesson_2.framework */,
			);
			name = Frameworks;
			sourceTree = "<group>";
		};
		C564A07729547C1200D5943E = {
			isa = PBXGroup;
			children = (
				C564A08229547C1200D5943E /* 4month2lesson.2 */,
				C564A08129547C1200D5943E /* Products */,
				170922F77234C5297EEDBD6A /* Pods */,
				396BCF910AE5F5FCFFBB0569 /* Frameworks */,
			);
			sourceTree = "<group>";
		};
		C564A08129547C1200D5943E /* Products */ = {
			isa = PBXGroup;
			children = (
				C564A08029547C1200D5943E /* 4month2lesson.2.app */,
			);
			name = Products;
			sourceTree = "<group>";
		};
		C564A08229547C1200D5943E /* 4month2lesson.2 */ = {
			isa = PBXGroup;
			children = (
				C564A08329547C1200D5943E /* AppDelegate.swift */,
				C564A08529547C1200D5943E /* SceneDelegate.swift */,
				C564A08729547C1200D5943E /* ViewController.swift */,
				C53A304529549294008BF34B /* AuthController.swift */,
				C53A304929549B3A008BF34B /* ProfileView.swift */,
				C5F397362959D570006011EE /* Beer.swift */,
				C5F397382959D676006011EE /* NetworkManager.swift */,
				C53A3047295492B2008BF34B /* AuthModel.swift */,
				C53A304329548DC1008BF34B /* User.swift */,
				C564A08929547C1200D5943E /* Main.storyboard */,
				C564A08C29547C1500D5943E /* Assets.xcassets */,
				C564A08E29547C1500D5943E /* LaunchScreen.storyboard */,
				C564A09129547C1500D5943E /* Info.plist */,
				C5265091295C7EE600D10960 /* BeerDescriptionVC.swift */,
			);
			path = 4month2lesson.2;
			sourceTree = "<group>";
		};
/* End PBXGroup section */

/* Begin PBXNativeTarget section */
		C564A07F29547C1200D5943E /* 4month2lesson.2 */ = {
			isa = PBXNativeTarget;
			buildConfigurationList = C564A09429547C1500D5943E /* Build configuration list for PBXNativeTarget "4month2lesson.2" */;
			buildPhases = (
				36964973DD3D83CD6C8E90BD /* [CP] Check Pods Manifest.lock */,
				C564A07C29547C1200D5943E /* Sources */,
				C564A07D29547C1200D5943E /* Frameworks */,
				C564A07E29547C1200D5943E /* Resources */,
				BDB36E19C6C00EF5FDEF3513 /* [CP] Embed Pods Frameworks */,
			);
			buildRules = (
			);
			dependencies = (
			);
			name = 4month2lesson.2;
			productName = 4month2lesson.2;
			productReference = C564A08029547C1200D5943E /* 4month2lesson.2.app */;
			productType = "com.apple.product-type.application";
		};
/* End PBXNativeTarget section */

/* Begin PBXProject section */
		C564A07829547C1200D5943E /* Project object */ = {
			isa = PBXProject;
			attributes = {
				BuildIndependentTargetsInParallel = 1;
				LastSwiftUpdateCheck = 1340;
				LastUpgradeCheck = 1340;
				TargetAttributes = {
					C564A07F29547C1200D5943E = {
						CreatedOnToolsVersion = 13.4.1;
					};
				};
			};
			buildConfigurationList = C564A07B29547C1200D5943E /* Build configuration list for PBXProject "4month2lesson.2" */;
			compatibilityVersion = "Xcode 12.0";
			developmentRegion = en;
			hasScannedForEncodings = 0;
			knownRegions = (
				en,
				Base,
			);
			mainGroup = C564A07729547C1200D5943E;
			productRefGroup = C564A08129547C1200D5943E /* Products */;
			projectDirPath = "";
			projectRoot = "";
			targets = (
				C564A07F29547C1200D5943E /* 4month2lesson.2 */,
			);
		};
/* End PBXProject section */

/* Begin PBXResourcesBuildPhase section */
		C564A07E29547C1200D5943E /* Resources */ = {
			isa = PBXResourcesBuildPhase;
			buildActionMask = 2147483647;
			files = (
				C564A09029547C1500D5943E /* LaunchScreen.storyboard in Resources */,
				C564A08D29547C1500D5943E /* Assets.xcassets in Resources */,
				C564A08B29547C1200D5943E /* Main.storyboard in Resources */,
			);
			runOnlyForDeploymentPostprocessing = 0;
		};
/* End PBXResourcesBuildPhase section */

/* Begin PBXShellScriptBuildPhase section */
		36964973DD3D83CD6C8E90BD /* [CP] Check Pods Manifest.lock */ = {
			isa = PBXShellScriptBuildPhase;
			buildActionMask = 2147483647;
			files = (
			);
			inputFileListPaths = (
			);
			inputPaths = (
				"${PODS_PODFILE_DIR_PATH}/Podfile.lock",
				"${PODS_ROOT}/Manifest.lock",
			);
			name = "[CP] Check Pods Manifest.lock";
			outputFileListPaths = (
			);
			outputPaths = (
				"$(DERIVED_FILE_DIR)/Pods-4month2lesson.2-checkManifestLockResult.txt",
			);
			runOnlyForDeploymentPostprocessing = 0;
			shellPath = /bin/sh;
			shellScript = "diff \"${PODS_PODFILE_DIR_PATH}/Podfile.lock\" \"${PODS_ROOT}/Manifest.lock\" > /dev/null\nif [ $? != 0 ] ; then\n    # print error to STDERR\n    echo \"error: The sandbox is not in sync with the Podfile.lock. Run 'pod install' or update your CocoaPods installation.\" >&2\n    exit 1\nfi\n# This output is used by Xcode 'outputs' to avoid re-running this script phase.\necho \"SUCCESS\" > \"${SCRIPT_OUTPUT_FILE_0}\"\n";
			showEnvVarsInLog = 0;
		};
		BDB36E19C6C00EF5FDEF3513 /* [CP] Embed Pods Frameworks */ = {
			isa = PBXShellScriptBuildPhase;
			buildActionMask = 2147483647;
			files = (
			);
			inputFileListPaths = (
				"${PODS_ROOT}/Target Support Files/Pods-4month2lesson.2/Pods-4month2lesson.2-frameworks-${CONFIGURATION}-input-files.xcfilelist",
			);
			name = "[CP] Embed Pods Frameworks";
			outputFileListPaths = (
				"${PODS_ROOT}/Target Support Files/Pods-4month2lesson.2/Pods-4month2lesson.2-frameworks-${CONFIGURATION}-output-files.xcfilelist",
			);
			runOnlyForDeploymentPostprocessing = 0;
			shellPath = /bin/sh;
			shellScript = "\"${PODS_ROOT}/Target Support Files/Pods-4month2lesson.2/Pods-4month2lesson.2-frameworks.sh\"\n";
			showEnvVarsInLog = 0;
		};
/* End PBXShellScriptBuildPhase section */

/* Begin PBXSourcesBuildPhase section */
		C564A07C29547C1200D5943E /* Sources */ = {
			isa = PBXSourcesBuildPhase;
			buildActionMask = 2147483647;
			files = (
				C5F397392959D676006011EE /* NetworkManager.swift in Sources */,
				C53A304429548DC1008BF34B /* User.swift in Sources */,
				C564A08829547C1200D5943E /* ViewController.swift in Sources */,
				C53A304629549294008BF34B /* AuthController.swift in Sources */,
				C5F397372959D570006011EE /* Beer.swift in Sources */,
				C564A08429547C1200D5943E /* AppDelegate.swift in Sources */,
				C564A08629547C1200D5943E /* SceneDelegate.swift in Sources */,
				C5265092295C7EE600D10960 /* BeerDescriptionVC.swift in Sources */,
				C53A304A29549B3A008BF34B /* ProfileView.swift in Sources */,
				C53A3048295492B2008BF34B /* AuthModel.swift in Sources */,
			);
			runOnlyForDeploymentPostprocessing = 0;
		};
/* End PBXSourcesBuildPhase section */

/* Begin PBXVariantGroup section */
		C564A08929547C1200D5943E /* Main.storyboard */ = {
			isa = PBXVariantGroup;
			children = (
				C564A08A29547C1200D5943E /* Base */,
			);
			name = Main.storyboard;
			sourceTree = "<group>";
		};
		C564A08E29547C1500D5943E /* LaunchScreen.storyboard */ = {
			isa = PBXVariantGroup;
			children = (
				C564A08F29547C1500D5943E /* Base */,
			);
			name = LaunchScreen.storyboard;
			sourceTree = "<group>";
		};
/* End PBXVariantGroup section */

/* Begin XCBuildConfiguration section */
		C564A09229547C1500D5943E /* Debug */ = {
			isa = XCBuildConfiguration;
			buildSettings = {
				ALWAYS_SEARCH_USER_PATHS = NO;
				CLANG_ANALYZER_NONNULL = YES;
				CLANG_ANALYZER_NUMBER_OBJECT_CONVERSION = YES_AGGRESSIVE;
				CLANG_CXX_LANGUAGE_STANDARD = "gnu++17";
				CLANG_ENABLE_MODULES = YES;
				CLANG_ENABLE_OBJC_ARC = YES;
				CLANG_ENABLE_OBJC_WEAK = YES;
				CLANG_WARN_BLOCK_CAPTURE_AUTORELEASING = YES;
				CLANG_WARN_BOOL_CONVERSION = YES;
				CLANG_WARN_COMMA = YES;
				CLANG_WARN_CONSTANT_CONVERSION = YES;
				CLANG_WARN_DEPRECATED_OBJC_IMPLEMENTATIONS = YES;
				CLANG_WARN_DIRECT_OBJC_ISA_USAGE = YES_ERROR;
				CLANG_WARN_DOCUMENTATION_COMMENTS = YES;
				CLANG_WARN_EMPTY_BODY = YES;
				CLANG_WARN_ENUM_CONVERSION = YES;
				CLANG_WARN_INFINITE_RECURSION = YES;
				CLANG_WARN_INT_CONVERSION = YES;
				CLANG_WARN_NON_LITERAL_NULL_CONVERSION = YES;
				CLANG_WARN_OBJC_IMPLICIT_RETAIN_SELF = YES;
				CLANG_WARN_OBJC_LITERAL_CONVERSION = YES;
				CLANG_WARN_OBJC_ROOT_CLASS = YES_ERROR;
				CLANG_WARN_QUOTED_INCLUDE_IN_FRAMEWORK_HEADER = YES;
				CLANG_WARN_RANGE_LOOP_ANALYSIS = YES;
				CLANG_WARN_STRICT_PROTOTYPES = YES;
				CLANG_WARN_SUSPICIOUS_MOVE = YES;
				CLANG_WARN_UNGUARDED_AVAILABILITY = YES_AGGRESSIVE;
				CLANG_WARN_UNREACHABLE_CODE = YES;
				CLANG_WARN__DUPLICATE_METHOD_MATCH = YES;
				COPY_PHASE_STRIP = NO;
				DEBUG_INFORMATION_FORMAT = dwarf;
				ENABLE_STRICT_OBJC_MSGSEND = YES;
				ENABLE_TESTABILITY = YES;
				GCC_C_LANGUAGE_STANDARD = gnu11;
				GCC_DYNAMIC_NO_PIC = NO;
				GCC_NO_COMMON_BLOCKS = YES;
				GCC_OPTIMIZATION_LEVEL = 0;
				GCC_PREPROCESSOR_DEFINITIONS = (
					"DEBUG=1",
					"$(inherited)",
				);
				GCC_WARN_64_TO_32_BIT_CONVERSION = YES;
				GCC_WARN_ABOUT_RETURN_TYPE = YES_ERROR;
				GCC_WARN_UNDECLARED_SELECTOR = YES;
				GCC_WARN_UNINITIALIZED_AUTOS = YES_AGGRESSIVE;
				GCC_WARN_UNUSED_FUNCTION = YES;
				GCC_WARN_UNUSED_VARIABLE = YES;
				IPHONEOS_DEPLOYMENT_TARGET = 15.5;
				MTL_ENABLE_DEBUG_INFO = INCLUDE_SOURCE;
				MTL_FAST_MATH = YES;
				ONLY_ACTIVE_ARCH = YES;
				SDKROOT = iphoneos;
				SWIFT_ACTIVE_COMPILATION_CONDITIONS = DEBUG;
				SWIFT_OPTIMIZATION_LEVEL = "-Onone";
			};
			name = Debug;
		};
		C564A09329547C1500D5943E /* Release */ = {
			isa = XCBuildConfiguration;
			buildSettings = {
				ALWAYS_SEARCH_USER_PATHS = NO;
				CLANG_ANALYZER_NONNULL = YES;
				CLANG_ANALYZER_NUMBER_OBJECT_CONVERSION = YES_AGGRESSIVE;
				CLANG_CXX_LANGUAGE_STANDARD = "gnu++17";
				CLANG_ENABLE_MODULES = YES;
				CLANG_ENABLE_OBJC_ARC = YES;
				CLANG_ENABLE_OBJC_WEAK = YES;
				CLANG_WARN_BLOCK_CAPTURE_AUTORELEASING = YES;
				CLANG_WARN_BOOL_CONVERSION = YES;
				CLANG_WARN_COMMA = YES;
				CLANG_WARN_CONSTANT_CONVERSION = YES;
				CLANG_WARN_DEPRECATED_OBJC_IMPLEMENTATIONS = YES;
				CLANG_WARN_DIRECT_OBJC_ISA_USAGE = YES_ERROR;
				CLANG_WARN_DOCUMENTATION_COMMENTS = YES;
				CLANG_WARN_EMPTY_BODY = YES;
				CLANG_WARN_ENUM_CONVERSION = YES;
				CLANG_WARN_INFINITE_RECURSION = YES;
				CLANG_WARN_INT_CONVERSION = YES;
				CLANG_WARN_NON_LITERAL_NULL_CONVERSION = YES;
				CLANG_WARN_OBJC_IMPLICIT_RETAIN_SELF = YES;
				CLANG_WARN_OBJC_LITERAL_CONVERSION = YES;
				CLANG_WARN_OBJC_ROOT_CLASS = YES_ERROR;
				CLANG_WARN_QUOTED_INCLUDE_IN_FRAMEWORK_HEADER = YES;
				CLANG_WARN_RANGE_LOOP_ANALYSIS = YES;
				CLANG_WARN_STRICT_PROTOTYPES = YES;
				CLANG_WARN_SUSPICIOUS_MOVE = YES;
				CLANG_WARN_UNGUARDED_AVAILABILITY = YES_AGGRESSIVE;
				CLANG_WARN_UNREACHABLE_CODE = YES;
				CLANG_WARN__DUPLICATE_METHOD_MATCH = YES;
				COPY_PHASE_STRIP = NO;
				DEBUG_INFORMATION_FORMAT = "dwarf-with-dsym";
				ENABLE_NS_ASSERTIONS = NO;
				ENABLE_STRICT_OBJC_MSGSEND = YES;
				GCC_C_LANGUAGE_STANDARD = gnu11;
				GCC_NO_COMMON_BLOCKS = YES;
				GCC_WARN_64_TO_32_BIT_CONVERSION = YES;
				GCC_WARN_ABOUT_RETURN_TYPE = YES_ERROR;
				GCC_WARN_UNDECLARED_SELECTOR = YES;
				GCC_WARN_UNINITIALIZED_AUTOS = YES_AGGRESSIVE;
				GCC_WARN_UNUSED_FUNCTION = YES;
				GCC_WARN_UNUSED_VARIABLE = YES;
				IPHONEOS_DEPLOYMENT_TARGET = 15.5;
				MTL_ENABLE_DEBUG_INFO = NO;
				MTL_FAST_MATH = YES;
				SDKROOT = iphoneos;
				SWIFT_COMPILATION_MODE = wholemodule;
				SWIFT_OPTIMIZATION_LEVEL = "-O";
				VALIDATE_PRODUCT = YES;
			};
			name = Release;
		};
		C564A09529547C1500D5943E /* Debug */ = {
			isa = XCBuildConfiguration;
			baseConfigurationReference = B19C23711AA733265073E2FC /* Pods-4month2lesson.2.debug.xcconfig */;
			buildSettings = {
				ASSETCATALOG_COMPILER_APPICON_NAME = AppIcon;
				ASSETCATALOG_COMPILER_GLOBAL_ACCENT_COLOR_NAME = AccentColor;
				CODE_SIGN_STYLE = Automatic;
				CURRENT_PROJECT_VERSION = 1;
				DEVELOPMENT_TEAM = X944PHT9ZP;
				GENERATE_INFOPLIST_FILE = YES;
				INFOPLIST_FILE = 4month2lesson.2/Info.plist;
				INFOPLIST_KEY_UIApplicationSupportsIndirectInputEvents = YES;
				INFOPLIST_KEY_UILaunchStoryboardName = LaunchScreen;
				INFOPLIST_KEY_UISupportedInterfaceOrientations_iPad = "UIInterfaceOrientationPortrait UIInterfaceOrientationPortraitUpsideDown UIInterfaceOrientationLandscapeLeft UIInterfaceOrientationLandscapeRight";
				INFOPLIST_KEY_UISupportedInterfaceOrientations_iPhone = "UIInterfaceOrientationPortrait UIInterfaceOrientationLandscapeLeft UIInterfaceOrientationLandscapeRight";
				LD_RUNPATH_SEARCH_PATHS = (
					"$(inherited)",
					"@executable_path/Frameworks",
				);
				MARKETING_VERSION = 1.0;
				PRODUCT_BUNDLE_IDENTIFIER = "geektech.com.-month2lesson-2";
				PRODUCT_NAME = "$(TARGET_NAME)";
				SWIFT_EMIT_LOC_STRINGS = YES;
				SWIFT_VERSION = 5.0;
				TARGETED_DEVICE_FAMILY = "1,2";
			};
			name = Debug;
		};
		C564A09629547C1500D5943E /* Release */ = {
			isa = XCBuildConfiguration;
			baseConfigurationReference = 0458FE2B55139977BAA128D0 /* Pods-4month2lesson.2.release.xcconfig */;
			buildSettings = {
				ASSETCATALOG_COMPILER_APPICON_NAME = AppIcon;
				ASSETCATALOG_COMPILER_GLOBAL_ACCENT_COLOR_NAME = AccentColor;
				CODE_SIGN_STYLE = Automatic;
				CURRENT_PROJECT_VERSION = 1;
				DEVELOPMENT_TEAM = X944PHT9ZP;
				GENERATE_INFOPLIST_FILE = YES;
				INFOPLIST_FILE = 4month2lesson.2/Info.plist;
				INFOPLIST_KEY_UIApplicationSupportsIndirectInputEvents = YES;
				INFOPLIST_KEY_UILaunchStoryboardName = LaunchScreen;
				INFOPLIST_KEY_UISupportedInterfaceOrientations_iPad = "UIInterfaceOrientationPortrait UIInterfaceOrientationPortraitUpsideDown UIInterfaceOrientationLandscapeLeft UIInterfaceOrientationLandscapeRight";
				INFOPLIST_KEY_UISupportedInterfaceOrientations_iPhone = "UIInterfaceOrientationPortrait UIInterfaceOrientationLandscapeLeft UIInterfaceOrientationLandscapeRight";
				LD_RUNPATH_SEARCH_PATHS = (
					"$(inherited)",
					"@executable_path/Frameworks",
				);
				MARKETING_VERSION = 1.0;
				PRODUCT_BUNDLE_IDENTIFIER = "geektech.com.-month2lesson-2";
				PRODUCT_NAME = "$(TARGET_NAME)";
				SWIFT_EMIT_LOC_STRINGS = YES;
				SWIFT_VERSION = 5.0;
				TARGETED_DEVICE_FAMILY = "1,2";
			};
			name = Release;
		};
/* End XCBuildConfiguration section */

/* Begin XCConfigurationList section */
		C564A07B29547C1200D5943E /* Build configuration list for PBXProject "4month2lesson.2" */ = {
			isa = XCConfigurationList;
			buildConfigurations = (
				C564A09229547C1500D5943E /* Debug */,
				C564A09329547C1500D5943E /* Release */,
			);
			defaultConfigurationIsVisible = 0;
			defaultConfigurationName = Release;
		};
		C564A09429547C1500D5943E /* Build configuration list for PBXNativeTarget "4month2lesson.2" */ = {
			isa = XCConfigurationList;
			buildConfigurations = (
				C564A09529547C1500D5943E /* Debug */,
				C564A09629547C1500D5943E /* Release */,
			);
			defaultConfigurationIsVisible = 0;
			defaultConfigurationName = Release;
		};
/* End XCConfigurationList section */
	};
	rootObject = C564A07829547C1200D5943E /* Project object */;
}
